
Microsoft Visual Studio Solution File, Format Version 12.00
# Visual Studio Version 17
VisualStudioVersion = 17.0.31903.59
MinimumVisualStudioVersion = 10.0.40219.1
Project("{FAE04EC0-301F-11D3-BF4B-00C04F79EFBC}") = "10ContaBancaria", "10ContaBancaria.csproj", "{78E01A6C-5DCB-473E-A0B7-2A789D6EF4B2}"
EndProject
Global
	GlobalSection(SolutionConfigurationPlatforms) = preSolution
		Debug|Any CPU = Debug|Any CPU
		Release|Any CPU = Release|Any CPU
	EndGlobalSection
	GlobalSection(ProjectConfigurationPlatforms) = postSolution
		{78E01A6C-5DCB-473E-A0B7-2A789D6EF4B2}.Debug|Any CPU.ActiveCfg = Debug|Any CPU
		{78E01A6C-5DCB-473E-A0B7-2A789D6EF4B2}.Debug|Any CPU.Build.0 = Debug|Any CPU
		{78E01A6C-5DCB-473E-A0B7-2A789D6EF4B2}.Release|Any CPU.ActiveCfg = Release|Any CPU
		{78E01A6C-5DCB-473E-A0B7-2A789D6EF4B2}.Release|Any CPU.Build.0 = Release|Any CPU
	EndGlobalSection
	GlobalSection(SolutionProperties) = preSolution
		HideSolutionNode = FALSE
	EndGlobalSection
	GlobalSection(ExtensibilityGlobals) = postSolution
		SolutionGuid = {785DEF7D-022D-4F13-84E2-D46A654552E8}
	EndGlobalSection
EndGlobal
