
Microsoft Visual Studio Solution File, Format Version 12.00
# Visual Studio Version 17
VisualStudioVersion = 17.0.31903.59
MinimumVisualStudioVersion = 10.0.40219.1
Project("{FAE04EC0-301F-11D3-BF4B-00C04F79EFBC}") = "16MostrarVizinhosMatriz", "16MostrarVizinhosMatriz.csproj", "{EDE1EFB0-C932-44E0-9046-A2544B67065A}"
EndProject
Global
	GlobalSection(SolutionConfigurationPlatforms) = preSolution
		Debug|Any CPU = Debug|Any CPU
		Release|Any CPU = Release|Any CPU
	EndGlobalSection
	GlobalSection(ProjectConfigurationPlatforms) = postSolution
		{EDE1EFB0-C932-44E0-9046-A2544B67065A}.Debug|Any CPU.ActiveCfg = Debug|Any CPU
		{EDE1EFB0-C932-44E0-9046-A2544B67065A}.Debug|Any CPU.Build.0 = Debug|Any CPU
		{EDE1EFB0-C932-44E0-9046-A2544B67065A}.Release|Any CPU.ActiveCfg = Release|Any CPU
		{EDE1EFB0-C932-44E0-9046-A2544B67065A}.Release|Any CPU.Build.0 = Release|Any CPU
	EndGlobalSection
	GlobalSection(SolutionProperties) = preSolution
		HideSolutionNode = FALSE
	EndGlobalSection
	GlobalSection(ExtensibilityGlobals) = postSolution
		SolutionGuid = {076D58A9-90BE-4FC3-A355-58ACB942B509}
	EndGlobalSection
EndGlobal
