
Microsoft Visual Studio Solution File, Format Version 12.00
# Visual Studio Version 17
VisualStudioVersion = 17.0.31903.59
MinimumVisualStudioVersion = 10.0.40219.1
Project("{FAE04EC0-301F-11D3-BF4B-00C04F79EFBC}") = "06AumentoSalarial", "06AumentoSalarial.csproj", "{38967B87-B9E3-4B5A-9BE2-043C0134AA63}"
EndProject
Global
	GlobalSection(SolutionConfigurationPlatforms) = preSolution
		Debug|Any CPU = Debug|Any CPU
		Release|Any CPU = Release|Any CPU
	EndGlobalSection
	GlobalSection(ProjectConfigurationPlatforms) = postSolution
		{38967B87-B9E3-4B5A-9BE2-043C0134AA63}.Debug|Any CPU.ActiveCfg = Debug|Any CPU
		{38967B87-B9E3-4B5A-9BE2-043C0134AA63}.Debug|Any CPU.Build.0 = Debug|Any CPU
		{38967B87-B9E3-4B5A-9BE2-043C0134AA63}.Release|Any CPU.ActiveCfg = Release|Any CPU
		{38967B87-B9E3-4B5A-9BE2-043C0134AA63}.Release|Any CPU.Build.0 = Release|Any CPU
	EndGlobalSection
	GlobalSection(SolutionProperties) = preSolution
		HideSolutionNode = FALSE
	EndGlobalSection
	GlobalSection(ExtensibilityGlobals) = postSolution
		SolutionGuid = {0B1D82CC-EABA-439C-8C0F-E79F220D0EED}
	EndGlobalSection
EndGlobal
