
Microsoft Visual Studio Solution File, Format Version 12.00
# Visual Studio Version 17
VisualStudioVersion = 17.0.31903.59
MinimumVisualStudioVersion = 10.0.40219.1
Project("{FAE04EC0-301F-11D3-BF4B-00C04F79EFBC}") = "08CalculosCirculo", "08CalculosCirculo.csproj", "{5E3747F7-81D3-4C30-90DF-BC1002243081}"
EndProject
Global
	GlobalSection(SolutionConfigurationPlatforms) = preSolution
		Debug|Any CPU = Debug|Any CPU
		Release|Any CPU = Release|Any CPU
	EndGlobalSection
	GlobalSection(ProjectConfigurationPlatforms) = postSolution
		{5E3747F7-81D3-4C30-90DF-BC1002243081}.Debug|Any CPU.ActiveCfg = Debug|Any CPU
		{5E3747F7-81D3-4C30-90DF-BC1002243081}.Debug|Any CPU.Build.0 = Debug|Any CPU
		{5E3747F7-81D3-4C30-90DF-BC1002243081}.Release|Any CPU.ActiveCfg = Release|Any CPU
		{5E3747F7-81D3-4C30-90DF-BC1002243081}.Release|Any CPU.Build.0 = Release|Any CPU
	EndGlobalSection
	GlobalSection(SolutionProperties) = preSolution
		HideSolutionNode = FALSE
	EndGlobalSection
	GlobalSection(ExtensibilityGlobals) = postSolution
		SolutionGuid = {18415195-9845-4F18-8604-D3D413F8092C}
	EndGlobalSection
EndGlobal
