
Microsoft Visual Studio Solution File, Format Version 12.00
# Visual Studio Version 17
VisualStudioVersion = 17.0.31903.59
MinimumVisualStudioVersion = 10.0.40219.1
Project("{FAE04EC0-301F-11D3-BF4B-00C04F79EFBC}") = "21Enumeracao", "21Enumeracao.csproj", "{5044E515-FC9B-4286-8176-B7F8086E0387}"
EndProject
Global
	GlobalSection(SolutionConfigurationPlatforms) = preSolution
		Debug|Any CPU = Debug|Any CPU
		Release|Any CPU = Release|Any CPU
	EndGlobalSection
	GlobalSection(ProjectConfigurationPlatforms) = postSolution
		{5044E515-FC9B-4286-8176-B7F8086E0387}.Debug|Any CPU.ActiveCfg = Debug|Any CPU
		{5044E515-FC9B-4286-8176-B7F8086E0387}.Debug|Any CPU.Build.0 = Debug|Any CPU
		{5044E515-FC9B-4286-8176-B7F8086E0387}.Release|Any CPU.ActiveCfg = Release|Any CPU
		{5044E515-FC9B-4286-8176-B7F8086E0387}.Release|Any CPU.Build.0 = Release|Any CPU
	EndGlobalSection
	GlobalSection(SolutionProperties) = preSolution
		HideSolutionNode = FALSE
	EndGlobalSection
	GlobalSection(ExtensibilityGlobals) = postSolution
		SolutionGuid = {2F49AE3B-8922-4E87-9120-BCADA3323DB6}
	EndGlobalSection
EndGlobal
